
Microsoft Visual Studio Solution File, Format Version 12.00
# Visual Studio 15
VisualStudioVersion = 15.0.27004.2006
MinimumVisualStudioVersion = 10.0.40219.1
Project("{8BC9CEB8-8B4A-11D0-8D11-00A0C91BC942}") = "Core", "Core\Core.vcxproj", "{CDEB4B47-42AB-4188-85E0-B2339927A68F}"
EndProject
Project("{8BC9CEB8-8B4A-11D0-8D11-00A0C91BC942}") = "Math", "Math\Math.vcxproj", "{528A854A-8248-4766-8C67-84E888F5DAE3}"
EndProject
Project("{8BC9CEB8-8B4A-11D0-8D11-00A0C91BC942}") = "MathTest", "MathTest\MathTest.vcxproj", "{A5CED549-AC40-467E-B61B-A22559AA30EB}"
EndProject
Project("{2150E333-8FDC-42A3-9474-1A3956D46DE8}") = "Framework", "Framework", "{154275D3-32B5-4F9E-8783-F44D964D41E8}"
EndProject
Project("{2150E333-8FDC-42A3-9474-1A3956D46DE8}") = "Tests", "Tests", "{9498AA2F-CCB5-45CA-B703-29D2109EE7E3}"
EndProject
Project("{2150E333-8FDC-42A3-9474-1A3956D46DE8}") = "VGP242", "VGP242", "{10288EBD-A0BC-4A22-B3A5-E25F7C0F2653}"
EndProject
Project("{8BC9CEB8-8B4A-11D0-8D11-00A0C91BC942}") = "01_HelloEngine", "01_HelloEngine\01_HelloEngine.vcxproj", "{6A30D22D-CA51-4C03-96AE-5E1AF4C4B5C9}"
EndProject
Project("{8BC9CEB8-8B4A-11D0-8D11-00A0C91BC942}") = "Graphics", "Graphics\Graphics.vcxproj", "{21E502E3-5B78-441A-844F-1C2CDFCC2C9A}"
EndProject
Project("{8BC9CEB8-8B4A-11D0-8D11-00A0C91BC942}") = "02_HelloTriangle", "02_HelloTriangle\02_HelloTriangle.vcxproj", "{2260FB09-B533-4799-BAB5-5210F945B7A5}"
EndProject
Project("{8BC9CEB8-8B4A-11D0-8D11-00A0C91BC942}") = "Input", "Input\Input.vcxproj", "{422B1DF4-F1A4-4C64-BCDB-3F1BAAAAA768}"
EndProject
Project("{8BC9CEB8-8B4A-11D0-8D11-00A0C91BC942}") = "03_HelloCube", "03_HelloCube\03_HelloCube.vcxproj", "{8B2B5DC2-E4C3-4DD9-8F5A-240D410D7F28}"
EndProject
Project("{8BC9CEB8-8B4A-11D0-8D11-00A0C91BC942}") = "04_HelloCamera", "04_HelloCamera\04_HelloCamera.vcxproj", "{0B264814-953A-4D2B-BDB9-4FA8F4D31DD0}"
EndProject
Project("{2150E333-8FDC-42A3-9474-1A3956D46DE8}") = "External", "External", "{4F292A3C-4ECD-4DDA-9A27-0509A0B055D5}"
EndProject
Project("{8BC9CEB8-8B4A-11D0-8D11-00A0C91BC942}") = "DirectXTK_Desktop_2017", "External\DirectXTK\DirectXTK_Desktop_2017.vcxproj", "{E0B52AE7-E160-4D32-BF3F-910B785E5A8E}"
EndProject
Global
	GlobalSection(SolutionConfigurationPlatforms) = preSolution
		Debug|x64 = Debug|x64
		Debug|x86 = Debug|x86
		Release|x64 = Release|x64
		Release|x86 = Release|x86
	EndGlobalSection
	GlobalSection(ProjectConfigurationPlatforms) = postSolution
		{CDEB4B47-42AB-4188-85E0-B2339927A68F}.Debug|x64.ActiveCfg = Debug|x64
		{CDEB4B47-42AB-4188-85E0-B2339927A68F}.Debug|x64.Build.0 = Debug|x64
		{CDEB4B47-42AB-4188-85E0-B2339927A68F}.Debug|x86.ActiveCfg = Debug|Win32
		{CDEB4B47-42AB-4188-85E0-B2339927A68F}.Debug|x86.Build.0 = Debug|Win32
		{CDEB4B47-42AB-4188-85E0-B2339927A68F}.Release|x64.ActiveCfg = Release|x64
		{CDEB4B47-42AB-4188-85E0-B2339927A68F}.Release|x64.Build.0 = Release|x64
		{CDEB4B47-42AB-4188-85E0-B2339927A68F}.Release|x86.ActiveCfg = Release|Win32
		{CDEB4B47-42AB-4188-85E0-B2339927A68F}.Release|x86.Build.0 = Release|Win32
		{528A854A-8248-4766-8C67-84E888F5DAE3}.Debug|x64.ActiveCfg = Debug|x64
		{528A854A-8248-4766-8C67-84E888F5DAE3}.Debug|x64.Build.0 = Debug|x64
		{528A854A-8248-4766-8C67-84E888F5DAE3}.Debug|x86.ActiveCfg = Debug|Win32
		{528A854A-8248-4766-8C67-84E888F5DAE3}.Debug|x86.Build.0 = Debug|Win32
		{528A854A-8248-4766-8C67-84E888F5DAE3}.Release|x64.ActiveCfg = Release|x64
		{528A854A-8248-4766-8C67-84E888F5DAE3}.Release|x64.Build.0 = Release|x64
		{528A854A-8248-4766-8C67-84E888F5DAE3}.Release|x86.ActiveCfg = Release|Win32
		{528A854A-8248-4766-8C67-84E888F5DAE3}.Release|x86.Build.0 = Release|Win32
		{A5CED549-AC40-467E-B61B-A22559AA30EB}.Debug|x64.ActiveCfg = Debug|x64
		{A5CED549-AC40-467E-B61B-A22559AA30EB}.Debug|x64.Build.0 = Debug|x64
		{A5CED549-AC40-467E-B61B-A22559AA30EB}.Debug|x86.ActiveCfg = Debug|Win32
		{A5CED549-AC40-467E-B61B-A22559AA30EB}.Debug|x86.Build.0 = Debug|Win32
		{A5CED549-AC40-467E-B61B-A22559AA30EB}.Release|x64.ActiveCfg = Release|x64
		{A5CED549-AC40-467E-B61B-A22559AA30EB}.Release|x64.Build.0 = Release|x64
		{A5CED549-AC40-467E-B61B-A22559AA30EB}.Release|x86.ActiveCfg = Release|Win32
		{A5CED549-AC40-467E-B61B-A22559AA30EB}.Release|x86.Build.0 = Release|Win32
		{6A30D22D-CA51-4C03-96AE-5E1AF4C4B5C9}.Debug|x64.ActiveCfg = Debug|x64
		{6A30D22D-CA51-4C03-96AE-5E1AF4C4B5C9}.Debug|x64.Build.0 = Debug|x64
		{6A30D22D-CA51-4C03-96AE-5E1AF4C4B5C9}.Debug|x86.ActiveCfg = Debug|Win32
		{6A30D22D-CA51-4C03-96AE-5E1AF4C4B5C9}.Debug|x86.Build.0 = Debug|Win32
		{6A30D22D-CA51-4C03-96AE-5E1AF4C4B5C9}.Release|x64.ActiveCfg = Release|x64
		{6A30D22D-CA51-4C03-96AE-5E1AF4C4B5C9}.Release|x64.Build.0 = Release|x64
		{6A30D22D-CA51-4C03-96AE-5E1AF4C4B5C9}.Release|x86.ActiveCfg = Release|Win32
		{6A30D22D-CA51-4C03-96AE-5E1AF4C4B5C9}.Release|x86.Build.0 = Release|Win32
		{21E502E3-5B78-441A-844F-1C2CDFCC2C9A}.Debug|x64.ActiveCfg = Debug|x64
		{21E502E3-5B78-441A-844F-1C2CDFCC2C9A}.Debug|x64.Build.0 = Debug|x64
		{21E502E3-5B78-441A-844F-1C2CDFCC2C9A}.Debug|x86.ActiveCfg = Debug|Win32
		{21E502E3-5B78-441A-844F-1C2CDFCC2C9A}.Debug|x86.Build.0 = Debug|Win32
		{21E502E3-5B78-441A-844F-1C2CDFCC2C9A}.Release|x64.ActiveCfg = Release|x64
		{21E502E3-5B78-441A-844F-1C2CDFCC2C9A}.Release|x64.Build.0 = Release|x64
		{21E502E3-5B78-441A-844F-1C2CDFCC2C9A}.Release|x86.ActiveCfg = Release|Win32
		{21E502E3-5B78-441A-844F-1C2CDFCC2C9A}.Release|x86.Build.0 = Release|Win32
		{2260FB09-B533-4799-BAB5-5210F945B7A5}.Debug|x64.ActiveCfg = Debug|x64
		{2260FB09-B533-4799-BAB5-5210F945B7A5}.Debug|x64.Build.0 = Debug|x64
		{2260FB09-B533-4799-BAB5-5210F945B7A5}.Debug|x86.ActiveCfg = Debug|Win32
		{2260FB09-B533-4799-BAB5-5210F945B7A5}.Debug|x86.Build.0 = Debug|Win32
		{2260FB09-B533-4799-BAB5-5210F945B7A5}.Release|x64.ActiveCfg = Release|x64
		{2260FB09-B533-4799-BAB5-5210F945B7A5}.Release|x64.Build.0 = Release|x64
		{2260FB09-B533-4799-BAB5-5210F945B7A5}.Release|x86.ActiveCfg = Release|Win32
		{2260FB09-B533-4799-BAB5-5210F945B7A5}.Release|x86.Build.0 = Release|Win32
		{422B1DF4-F1A4-4C64-BCDB-3F1BAAAAA768}.Debug|x64.ActiveCfg = Debug|x64
		{422B1DF4-F1A4-4C64-BCDB-3F1BAAAAA768}.Debug|x64.Build.0 = Debug|x64
		{422B1DF4-F1A4-4C64-BCDB-3F1BAAAAA768}.Debug|x86.ActiveCfg = Debug|Win32
		{422B1DF4-F1A4-4C64-BCDB-3F1BAAAAA768}.Debug|x86.Build.0 = Debug|Win32
		{422B1DF4-F1A4-4C64-BCDB-3F1BAAAAA768}.Release|x64.ActiveCfg = Release|Win32
		{422B1DF4-F1A4-4C64-BCDB-3F1BAAAAA768}.Release|x86.ActiveCfg = Release|Win32
		{422B1DF4-F1A4-4C64-BCDB-3F1BAAAAA768}.Release|x86.Build.0 = Release|Win32
		{8B2B5DC2-E4C3-4DD9-8F5A-240D410D7F28}.Debug|x64.ActiveCfg = Debug|x64
		{8B2B5DC2-E4C3-4DD9-8F5A-240D410D7F28}.Debug|x64.Build.0 = Debug|x64
		{8B2B5DC2-E4C3-4DD9-8F5A-240D410D7F28}.Debug|x86.ActiveCfg = Debug|Win32
		{8B2B5DC2-E4C3-4DD9-8F5A-240D410D7F28}.Debug|x86.Build.0 = Debug|Win32
		{8B2B5DC2-E4C3-4DD9-8F5A-240D410D7F28}.Release|x64.ActiveCfg = Release|x64
		{8B2B5DC2-E4C3-4DD9-8F5A-240D410D7F28}.Release|x64.Build.0 = Release|x64
		{8B2B5DC2-E4C3-4DD9-8F5A-240D410D7F28}.Release|x86.ActiveCfg = Release|Win32
		{8B2B5DC2-E4C3-4DD9-8F5A-240D410D7F28}.Release|x86.Build.0 = Release|Win32
		{0B264814-953A-4D2B-BDB9-4FA8F4D31DD0}.Debug|x64.ActiveCfg = Debug|x64
		{0B264814-953A-4D2B-BDB9-4FA8F4D31DD0}.Debug|x64.Build.0 = Debug|x64
		{0B264814-953A-4D2B-BDB9-4FA8F4D31DD0}.Debug|x86.ActiveCfg = Debug|Win32
		{0B264814-953A-4D2B-BDB9-4FA8F4D31DD0}.Debug|x86.Build.0 = Debug|Win32
		{0B264814-953A-4D2B-BDB9-4FA8F4D31DD0}.Release|x64.ActiveCfg = Release|x64
		{0B264814-953A-4D2B-BDB9-4FA8F4D31DD0}.Release|x64.Build.0 = Release|x64
		{0B264814-953A-4D2B-BDB9-4FA8F4D31DD0}.Release|x86.ActiveCfg = Release|Win32
		{0B264814-953A-4D2B-BDB9-4FA8F4D31DD0}.Release|x86.Build.0 = Release|Win32
		{E0B52AE7-E160-4D32-BF3F-910B785E5A8E}.Debug|x64.ActiveCfg = Debug|x64
		{E0B52AE7-E160-4D32-BF3F-910B785E5A8E}.Debug|x64.Build.0 = Debug|x64
		{E0B52AE7-E160-4D32-BF3F-910B785E5A8E}.Debug|x86.ActiveCfg = Debug|Win32
		{E0B52AE7-E160-4D32-BF3F-910B785E5A8E}.Debug|x86.Build.0 = Debug|Win32
		{E0B52AE7-E160-4D32-BF3F-910B785E5A8E}.Release|x64.ActiveCfg = Release|x64
		{E0B52AE7-E160-4D32-BF3F-910B785E5A8E}.Release|x64.Build.0 = Release|x64
		{E0B52AE7-E160-4D32-BF3F-910B785E5A8E}.Release|x86.ActiveCfg = Release|Win32
		{E0B52AE7-E160-4D32-BF3F-910B785E5A8E}.Release|x86.Build.0 = Release|Win32
	EndGlobalSection
	GlobalSection(SolutionProperties) = preSolution
		HideSolutionNode = FALSE
	EndGlobalSection
	GlobalSection(NestedProjects) = preSolution
		{CDEB4B47-42AB-4188-85E0-B2339927A68F} = {154275D3-32B5-4F9E-8783-F44D964D41E8}
		{528A854A-8248-4766-8C67-84E888F5DAE3} = {154275D3-32B5-4F9E-8783-F44D964D41E8}
		{A5CED549-AC40-467E-B61B-A22559AA30EB} = {9498AA2F-CCB5-45CA-B703-29D2109EE7E3}
		{6A30D22D-CA51-4C03-96AE-5E1AF4C4B5C9} = {10288EBD-A0BC-4A22-B3A5-E25F7C0F2653}
		{21E502E3-5B78-441A-844F-1C2CDFCC2C9A} = {154275D3-32B5-4F9E-8783-F44D964D41E8}
		{2260FB09-B533-4799-BAB5-5210F945B7A5} = {10288EBD-A0BC-4A22-B3A5-E25F7C0F2653}
		{422B1DF4-F1A4-4C64-BCDB-3F1BAAAAA768} = {154275D3-32B5-4F9E-8783-F44D964D41E8}
		{8B2B5DC2-E4C3-4DD9-8F5A-240D410D7F28} = {10288EBD-A0BC-4A22-B3A5-E25F7C0F2653}
		{0B264814-953A-4D2B-BDB9-4FA8F4D31DD0} = {10288EBD-A0BC-4A22-B3A5-E25F7C0F2653}
		{E0B52AE7-E160-4D32-BF3F-910B785E5A8E} = {4F292A3C-4ECD-4DDA-9A27-0509A0B055D5}
	EndGlobalSection
	GlobalSection(ExtensibilityGlobals) = postSolution
		SolutionGuid = {F69705FB-3D3C-424A-8E22-772168C142E1}
	EndGlobalSection
EndGlobal
